{
  "version": 4,
  "terraform_version": "1.3.7",
  "serial": 6,
  "lineage": "1aa05cfb-71c1-3f7f-9340-9a4c7d955c19",
  "outputs": {
    "adb_workspace_url": {
      "value": "adb-5089446264649556.16.azuredatabricks.net",
      "type": "string"
    },
    "adbname": {
      "value": "ttladbdev",
      "type": "string"
    },
    "data_factory_id": {
      "value": "/subscriptions/e9d0993f-fcf8-48bf-8783-651759626318/resourceGroups/Devops-RG/providers/Microsoft.DataFactory/factories/ttldatafactorydev",
      "type": "string"
    },
    "data_factory_name": {
      "value": "ttldatafactorydev",
      "type": "string"
    },
    "pipelinename": {
      "value": "ttlpipelinedev",
      "type": "string"
    },
    "resource_group_name": {
      "value": "Devops-RG",
      "type": "string"
    }
  },
  "resources": [
    {
      "module": "module.adb",
      "mode": "data",
      "type": "azurerm_resource_group",
      "name": "resource_group",
      "provider": "provider[\"registry.terraform.io/hashicorp/azurerm\"]",
      "instances": [
        {
          "schema_version": 0,
          "attributes": {
            "id": "/subscriptions/e9d0993f-fcf8-48bf-8783-651759626318/resourceGroups/Devops-RG",
            "location": "eastus",
            "name": "Devops-RG",
            "tags": {
              "created_by": "saianil",
              "created_for": "devopslearning",
              "created_on": "15092023"
            },
            "timeouts": null
          },
          "sensitive_attributes": []
        }
      ]
    },
    {
      "module": "module.adb",
      "mode": "managed",
      "type": "azurerm_databricks_workspace",
      "name": "adb",
      "provider": "provider[\"registry.terraform.io/hashicorp/azurerm\"]",
      "instances": [
        {
          "schema_version": 0,
          "attributes": {
            "custom_parameters": [
              {
                "machine_learning_workspace_id": "",
                "nat_gateway_name": "nat-gateway",
                "no_public_ip": false,
                "private_subnet_name": "",
                "private_subnet_network_security_group_association_id": "",
                "public_ip_name": "nat-gw-public-ip",
                "public_subnet_name": "",
                "public_subnet_network_security_group_association_id": "",
                "storage_account_name": "dbstoragednxnx4penytga",
                "storage_account_sku_name": "Standard_GRS",
                "virtual_network_id": "",
                "vnet_address_prefix": "10.139"
              }
            ],
            "customer_managed_key_enabled": false,
            "id": "/subscriptions/e9d0993f-fcf8-48bf-8783-651759626318/resourceGroups/Devops-RG/providers/Microsoft.Databricks/workspaces/ttladbdev",
            "infrastructure_encryption_enabled": false,
            "load_balancer_backend_address_pool_id": "",
            "location": "eastus",
            "managed_resource_group_id": "/subscriptions/e9d0993f-fcf8-48bf-8783-651759626318/resourceGroups/databricks-rg-Devops-RG",
            "managed_resource_group_name": "databricks-rg-Devops-RG",
            "managed_services_cmk_key_vault_key_id": null,
            "name": "ttladbdev",
            "network_security_group_rules_required": null,
            "public_network_access_enabled": true,
            "resource_group_name": "Devops-RG",
            "sku": "standard",
            "storage_account_identity": [],
            "tags": {
              "created_by": "saianil",
              "created_for": "devops_learning",
              "environment": "dev"
            },
            "timeouts": null,
            "workspace_id": "5089446264649556",
            "workspace_url": "adb-5089446264649556.16.azuredatabricks.net"
          },
          "sensitive_attributes": [],
          "private": "eyJlMmJmYjczMC1lY2FhLTExZTYtOGY4OC0zNDM2M2JjN2M0YzAiOnsiY3JlYXRlIjoxODAwMDAwMDAwMDAwLCJkZWxldGUiOjE4MDAwMDAwMDAwMDAsInJlYWQiOjMwMDAwMDAwMDAwMCwidXBkYXRlIjoxODAwMDAwMDAwMDAwfX0=",
          "dependencies": [
            "module.adb.data.azurerm_resource_group.resource_group"
          ]
        }
      ]
    },
    {
      "module": "module.adf",
      "mode": "data",
      "type": "azurerm_resource_group",
      "name": "resource_group",
      "provider": "provider[\"registry.terraform.io/hashicorp/azurerm\"]",
      "instances": [
        {
          "schema_version": 0,
          "attributes": {
            "id": "/subscriptions/e9d0993f-fcf8-48bf-8783-651759626318/resourceGroups/Devops-RG",
            "location": "eastus",
            "name": "Devops-RG",
            "tags": {
              "created_by": "saianil",
              "created_for": "devopslearning",
              "created_on": "15092023"
            },
            "timeouts": null
          },
          "sensitive_attributes": []
        }
      ]
    },
    {
      "module": "module.adf",
      "mode": "managed",
      "type": "azurerm_data_factory",
      "name": "adf",
      "provider": "provider[\"registry.terraform.io/hashicorp/azurerm\"]",
      "instances": [
        {
          "schema_version": 2,
          "attributes": {
            "customer_managed_key_id": "",
            "customer_managed_key_identity_id": "",
            "github_configuration": [],
            "global_parameter": [],
            "id": "/subscriptions/e9d0993f-fcf8-48bf-8783-651759626318/resourceGroups/Devops-RG/providers/Microsoft.DataFactory/factories/ttldatafactorydev",
            "identity": [],
            "location": "eastus",
            "managed_virtual_network_enabled": false,
            "name": "ttldatafactorydev",
            "public_network_enabled": true,
            "resource_group_name": "Devops-RG",
            "tags": {
              "created_by": "saianil",
              "created_for": "devops_learning",
              "environment": "dev"
            },
            "timeouts": null,
            "vsts_configuration": []
          },
          "sensitive_attributes": [],
          "private": "eyJlMmJmYjczMC1lY2FhLTExZTYtOGY4OC0zNDM2M2JjN2M0YzAiOnsiY3JlYXRlIjoxODAwMDAwMDAwMDAwLCJkZWxldGUiOjE4MDAwMDAwMDAwMDAsInJlYWQiOjMwMDAwMDAwMDAwMCwidXBkYXRlIjoxODAwMDAwMDAwMDAwfSwic2NoZW1hX3ZlcnNpb24iOiIyIn0=",
          "dependencies": [
            "module.adf.data.azurerm_resource_group.resource_group"
          ]
        }
      ]
    },
    {
      "module": "module.adf",
      "mode": "managed",
      "type": "azurerm_data_factory_pipeline",
      "name": "adf_pipeline",
      "provider": "provider[\"registry.terraform.io/hashicorp/azurerm\"]",
      "instances": [
        {
          "schema_version": 0,
          "attributes": {
            "activities_json": null,
            "annotations": null,
            "concurrency": 0,
            "data_factory_id": "/subscriptions/e9d0993f-fcf8-48bf-8783-651759626318/resourceGroups/Devops-RG/providers/Microsoft.DataFactory/factories/ttldatafactorydev",
            "description": "",
            "folder": null,
            "id": "/subscriptions/e9d0993f-fcf8-48bf-8783-651759626318/resourceGroups/Devops-RG/providers/Microsoft.DataFactory/factories/ttldatafactorydev/pipelines/ttlpipelinedev",
            "moniter_metrics_after_duration": "",
            "name": "ttlpipelinedev",
            "parameters": null,
            "timeouts": null,
            "variables": null
          },
          "sensitive_attributes": [],
          "private": "eyJlMmJmYjczMC1lY2FhLTExZTYtOGY4OC0zNDM2M2JjN2M0YzAiOnsiY3JlYXRlIjoxODAwMDAwMDAwMDAwLCJkZWxldGUiOjE4MDAwMDAwMDAwMDAsInJlYWQiOjMwMDAwMDAwMDAwMCwidXBkYXRlIjoxODAwMDAwMDAwMDAwfX0=",
          "dependencies": [
            "module.adf.azurerm_data_factory.adf",
            "module.adf.data.azurerm_resource_group.resource_group"
          ]
        }
      ]
    }
  ],
  "check_results": null
}
